
Microsoft Visual Studio Solution File, Format Version 12.00
# Visual Studio 15
Project("{FAE04EC0-301F-11D3-BF4B-00C04F79EFBC}") = "test", "test.csproj", "{994EF75F-6421-487B-A8BA-EB311F87C6AD}"
EndProject
Global
	GlobalSection(SolutionConfigurationPlatforms) = preSolution
		Debug|Any CPU = Debug|Any CPU
		Release|Any CPU = Release|Any CPU
	EndGlobalSection
	GlobalSection(ProjectConfigurationPlatforms) = postSolution
		{994EF75F-6421-487B-A8BA-EB311F87C6AD}.Debug|Any CPU.ActiveCfg = Debug|Any CPU
		{994EF75F-6421-487B-A8BA-EB311F87C6AD}.Debug|Any CPU.Build.0 = Debug|Any CPU
		{994EF75F-6421-487B-A8BA-EB311F87C6AD}.Release|Any CPU.ActiveCfg = Release|Any CPU
		{994EF75F-6421-487B-A8BA-EB311F87C6AD}.Release|Any CPU.Build.0 = Release|Any CPU
	EndGlobalSection
EndGlobal
